
Microsoft Visual Studio Solution File, Format Version 12.00
# Visual Studio Version 17
VisualStudioVersion = 17.0.31903.59
MinimumVisualStudioVersion = 10.0.40219.1
Project("{2150E333-8FDC-42A3-9474-1A3956D46DE8}") = "src", "src", "{827E0CD3-B72D-47B6-A68D-7590B98EB39B}"
EndProject
Project("{FAE04EC0-301F-11D3-BF4B-00C04F79EFBC}") = "SmartContentRecommender.Domain", "src\SmartContentRecommender.Domain\SmartContentRecommender.Domain.csproj", "{63BCED49-8C1B-4544-B607-AE718080D561}"
EndProject
Project("{FAE04EC0-301F-11D3-BF4B-00C04F79EFBC}") = "SmartContentRecommender.Application", "src\SmartContentRecommender.Application\SmartContentRecommender.Application.csproj", "{87D7D3FE-42B8-4988-99F2-7DE002206AC6}"
EndProject
Project("{FAE04EC0-301F-11D3-BF4B-00C04F79EFBC}") = "SmartContentRecommender.Infrastructure", "src\SmartContentRecommender.Infrastructure\SmartContentRecommender.Infrastructure.csproj", "{106059B6-6915-4A41-BCD2-03C7A823DDAA}"
EndProject
Project("{FAE04EC0-301F-11D3-BF4B-00C04F79EFBC}") = "SmartContentRecommender.WebAPI", "src\SmartContentRecommender.WebAPI\SmartContentRecommender.WebAPI.csproj", "{270D14D1-E655-4044-A6AE-A3D3E4CC2FA8}"
EndProject
Project("{FAE04EC0-301F-11D3-BF4B-00C04F79EFBC}") = "SmartContentRecommender.WpfClient", "src\SmartContentRecommender.WpfClient\SmartContentRecommender.WpfClient.csproj", "{97382340-B376-4C25-9C4A-ADDBF20183EF}"
EndProject
Project("{FAE04EC0-301F-11D3-BF4B-00C04F79EFBC}") = "SmartContentRecommender.AuthService", "src\SmartContentRecommender.AuthService\SmartContentRecommender.AuthService.csproj", "{B7B67B81-D7E7-4E56-8E9F-C76B0091B777}"
EndProject
Project("{FAE04EC0-301F-11D3-BF4B-00C04F79EFBC}") = "SmartContentRecommender.ContentService", "src\SmartContentRecommender.ContentService\SmartContentRecommender.ContentService.csproj", "{59BDE5FA-E03E-4E84-BDEE-18A4AE78422B}"
EndProject
Project("{FAE04EC0-301F-11D3-BF4B-00C04F79EFBC}") = "SmartContentRecommender.RecommendationService", "src\SmartContentRecommender.RecommendationService\SmartContentRecommender.RecommendationService.csproj", "{34AEE747-58A9-4BE8-9EB3-27EA9FF57E1F}"
EndProject
Global
	GlobalSection(SolutionConfigurationPlatforms) = preSolution
		Debug|Any CPU = Debug|Any CPU
		Debug|x64 = Debug|x64
		Debug|x86 = Debug|x86
		Release|Any CPU = Release|Any CPU
		Release|x64 = Release|x64
		Release|x86 = Release|x86
	EndGlobalSection
	GlobalSection(ProjectConfigurationPlatforms) = postSolution
		{63BCED49-8C1B-4544-B607-AE718080D561}.Debug|Any CPU.ActiveCfg = Debug|Any CPU
		{63BCED49-8C1B-4544-B607-AE718080D561}.Debug|Any CPU.Build.0 = Debug|Any CPU
		{63BCED49-8C1B-4544-B607-AE718080D561}.Debug|x64.ActiveCfg = Debug|Any CPU
		{63BCED49-8C1B-4544-B607-AE718080D561}.Debug|x64.Build.0 = Debug|Any CPU
		{63BCED49-8C1B-4544-B607-AE718080D561}.Debug|x86.ActiveCfg = Debug|Any CPU
		{63BCED49-8C1B-4544-B607-AE718080D561}.Debug|x86.Build.0 = Debug|Any CPU
		{63BCED49-8C1B-4544-B607-AE718080D561}.Release|Any CPU.ActiveCfg = Release|Any CPU
		{63BCED49-8C1B-4544-B607-AE718080D561}.Release|Any CPU.Build.0 = Release|Any CPU
		{63BCED49-8C1B-4544-B607-AE718080D561}.Release|x64.ActiveCfg = Release|Any CPU
		{63BCED49-8C1B-4544-B607-AE718080D561}.Release|x64.Build.0 = Release|Any CPU
		{63BCED49-8C1B-4544-B607-AE718080D561}.Release|x86.ActiveCfg = Release|Any CPU
		{63BCED49-8C1B-4544-B607-AE718080D561}.Release|x86.Build.0 = Release|Any CPU
		{87D7D3FE-42B8-4988-99F2-7DE002206AC6}.Debug|Any CPU.ActiveCfg = Debug|Any CPU
		{87D7D3FE-42B8-4988-99F2-7DE002206AC6}.Debug|Any CPU.Build.0 = Debug|Any CPU
		{87D7D3FE-42B8-4988-99F2-7DE002206AC6}.Debug|x64.ActiveCfg = Debug|Any CPU
		{87D7D3FE-42B8-4988-99F2-7DE002206AC6}.Debug|x64.Build.0 = Debug|Any CPU
		{87D7D3FE-42B8-4988-99F2-7DE002206AC6}.Debug|x86.ActiveCfg = Debug|Any CPU
		{87D7D3FE-42B8-4988-99F2-7DE002206AC6}.Debug|x86.Build.0 = Debug|Any CPU
		{87D7D3FE-42B8-4988-99F2-7DE002206AC6}.Release|Any CPU.ActiveCfg = Release|Any CPU
		{87D7D3FE-42B8-4988-99F2-7DE002206AC6}.Release|Any CPU.Build.0 = Release|Any CPU
		{87D7D3FE-42B8-4988-99F2-7DE002206AC6}.Release|x64.ActiveCfg = Release|Any CPU
		{87D7D3FE-42B8-4988-99F2-7DE002206AC6}.Release|x64.Build.0 = Release|Any CPU
		{87D7D3FE-42B8-4988-99F2-7DE002206AC6}.Release|x86.ActiveCfg = Release|Any CPU
		{87D7D3FE-42B8-4988-99F2-7DE002206AC6}.Release|x86.Build.0 = Release|Any CPU
		{106059B6-6915-4A41-BCD2-03C7A823DDAA}.Debug|Any CPU.ActiveCfg = Debug|Any CPU
		{106059B6-6915-4A41-BCD2-03C7A823DDAA}.Debug|Any CPU.Build.0 = Debug|Any CPU
		{106059B6-6915-4A41-BCD2-03C7A823DDAA}.Debug|x64.ActiveCfg = Debug|Any CPU
		{106059B6-6915-4A41-BCD2-03C7A823DDAA}.Debug|x64.Build.0 = Debug|Any CPU
		{106059B6-6915-4A41-BCD2-03C7A823DDAA}.Debug|x86.ActiveCfg = Debug|Any CPU
		{106059B6-6915-4A41-BCD2-03C7A823DDAA}.Debug|x86.Build.0 = Debug|Any CPU
		{106059B6-6915-4A41-BCD2-03C7A823DDAA}.Release|Any CPU.ActiveCfg = Release|Any CPU
		{106059B6-6915-4A41-BCD2-03C7A823DDAA}.Release|Any CPU.Build.0 = Release|Any CPU
		{106059B6-6915-4A41-BCD2-03C7A823DDAA}.Release|x64.ActiveCfg = Release|Any CPU
		{106059B6-6915-4A41-BCD2-03C7A823DDAA}.Release|x64.Build.0 = Release|Any CPU
		{106059B6-6915-4A41-BCD2-03C7A823DDAA}.Release|x86.ActiveCfg = Release|Any CPU
		{106059B6-6915-4A41-BCD2-03C7A823DDAA}.Release|x86.Build.0 = Release|Any CPU
		{270D14D1-E655-4044-A6AE-A3D3E4CC2FA8}.Debug|Any CPU.ActiveCfg = Debug|Any CPU
		{270D14D1-E655-4044-A6AE-A3D3E4CC2FA8}.Debug|Any CPU.Build.0 = Debug|Any CPU
		{270D14D1-E655-4044-A6AE-A3D3E4CC2FA8}.Debug|x64.ActiveCfg = Debug|Any CPU
		{270D14D1-E655-4044-A6AE-A3D3E4CC2FA8}.Debug|x64.Build.0 = Debug|Any CPU
		{270D14D1-E655-4044-A6AE-A3D3E4CC2FA8}.Debug|x86.ActiveCfg = Debug|Any CPU
		{270D14D1-E655-4044-A6AE-A3D3E4CC2FA8}.Debug|x86.Build.0 = Debug|Any CPU
		{270D14D1-E655-4044-A6AE-A3D3E4CC2FA8}.Release|Any CPU.ActiveCfg = Release|Any CPU
		{270D14D1-E655-4044-A6AE-A3D3E4CC2FA8}.Release|Any CPU.Build.0 = Release|Any CPU
		{270D14D1-E655-4044-A6AE-A3D3E4CC2FA8}.Release|x64.ActiveCfg = Release|Any CPU
		{270D14D1-E655-4044-A6AE-A3D3E4CC2FA8}.Release|x64.Build.0 = Release|Any CPU
		{270D14D1-E655-4044-A6AE-A3D3E4CC2FA8}.Release|x86.ActiveCfg = Release|Any CPU
		{270D14D1-E655-4044-A6AE-A3D3E4CC2FA8}.Release|x86.Build.0 = Release|Any CPU
		{97382340-B376-4C25-9C4A-ADDBF20183EF}.Debug|Any CPU.ActiveCfg = Debug|Any CPU
		{97382340-B376-4C25-9C4A-ADDBF20183EF}.Debug|Any CPU.Build.0 = Debug|Any CPU
		{97382340-B376-4C25-9C4A-ADDBF20183EF}.Debug|x64.ActiveCfg = Debug|Any CPU
		{97382340-B376-4C25-9C4A-ADDBF20183EF}.Debug|x64.Build.0 = Debug|Any CPU
		{97382340-B376-4C25-9C4A-ADDBF20183EF}.Debug|x86.ActiveCfg = Debug|Any CPU
		{97382340-B376-4C25-9C4A-ADDBF20183EF}.Debug|x86.Build.0 = Debug|Any CPU
		{97382340-B376-4C25-9C4A-ADDBF20183EF}.Release|Any CPU.ActiveCfg = Release|Any CPU
		{97382340-B376-4C25-9C4A-ADDBF20183EF}.Release|Any CPU.Build.0 = Release|Any CPU
		{97382340-B376-4C25-9C4A-ADDBF20183EF}.Release|x64.ActiveCfg = Release|Any CPU
		{97382340-B376-4C25-9C4A-ADDBF20183EF}.Release|x64.Build.0 = Release|Any CPU
		{97382340-B376-4C25-9C4A-ADDBF20183EF}.Release|x86.ActiveCfg = Release|Any CPU
		{97382340-B376-4C25-9C4A-ADDBF20183EF}.Release|x86.Build.0 = Release|Any CPU
		{B7B67B81-D7E7-4E56-8E9F-C76B0091B777}.Debug|Any CPU.ActiveCfg = Debug|Any CPU
		{B7B67B81-D7E7-4E56-8E9F-C76B0091B777}.Debug|Any CPU.Build.0 = Debug|Any CPU
		{B7B67B81-D7E7-4E56-8E9F-C76B0091B777}.Debug|x64.ActiveCfg = Debug|Any CPU
		{B7B67B81-D7E7-4E56-8E9F-C76B0091B777}.Debug|x64.Build.0 = Debug|Any CPU
		{B7B67B81-D7E7-4E56-8E9F-C76B0091B777}.Debug|x86.ActiveCfg = Debug|Any CPU
		{B7B67B81-D7E7-4E56-8E9F-C76B0091B777}.Debug|x86.Build.0 = Debug|Any CPU
		{B7B67B81-D7E7-4E56-8E9F-C76B0091B777}.Release|Any CPU.ActiveCfg = Release|Any CPU
		{B7B67B81-D7E7-4E56-8E9F-C76B0091B777}.Release|Any CPU.Build.0 = Release|Any CPU
		{B7B67B81-D7E7-4E56-8E9F-C76B0091B777}.Release|x64.ActiveCfg = Release|Any CPU
		{B7B67B81-D7E7-4E56-8E9F-C76B0091B777}.Release|x64.Build.0 = Release|Any CPU
		{B7B67B81-D7E7-4E56-8E9F-C76B0091B777}.Release|x86.ActiveCfg = Release|Any CPU
		{B7B67B81-D7E7-4E56-8E9F-C76B0091B777}.Release|x86.Build.0 = Release|Any CPU
		{59BDE5FA-E03E-4E84-BDEE-18A4AE78422B}.Debug|Any CPU.ActiveCfg = Debug|Any CPU
		{59BDE5FA-E03E-4E84-BDEE-18A4AE78422B}.Debug|Any CPU.Build.0 = Debug|Any CPU
		{59BDE5FA-E03E-4E84-BDEE-18A4AE78422B}.Debug|x64.ActiveCfg = Debug|Any CPU
		{59BDE5FA-E03E-4E84-BDEE-18A4AE78422B}.Debug|x64.Build.0 = Debug|Any CPU
		{59BDE5FA-E03E-4E84-BDEE-18A4AE78422B}.Debug|x86.ActiveCfg = Debug|Any CPU
		{59BDE5FA-E03E-4E84-BDEE-18A4AE78422B}.Debug|x86.Build.0 = Debug|Any CPU
		{59BDE5FA-E03E-4E84-BDEE-18A4AE78422B}.Release|Any CPU.ActiveCfg = Release|Any CPU
		{59BDE5FA-E03E-4E84-BDEE-18A4AE78422B}.Release|Any CPU.Build.0 = Release|Any CPU
		{59BDE5FA-E03E-4E84-BDEE-18A4AE78422B}.Release|x64.ActiveCfg = Release|Any CPU
		{59BDE5FA-E03E-4E84-BDEE-18A4AE78422B}.Release|x64.Build.0 = Release|Any CPU
		{59BDE5FA-E03E-4E84-BDEE-18A4AE78422B}.Release|x86.ActiveCfg = Release|Any CPU
		{59BDE5FA-E03E-4E84-BDEE-18A4AE78422B}.Release|x86.Build.0 = Release|Any CPU
		{34AEE747-58A9-4BE8-9EB3-27EA9FF57E1F}.Debug|Any CPU.ActiveCfg = Debug|Any CPU
		{34AEE747-58A9-4BE8-9EB3-27EA9FF57E1F}.Debug|Any CPU.Build.0 = Debug|Any CPU
		{34AEE747-58A9-4BE8-9EB3-27EA9FF57E1F}.Debug|x64.ActiveCfg = Debug|Any CPU
		{34AEE747-58A9-4BE8-9EB3-27EA9FF57E1F}.Debug|x64.Build.0 = Debug|Any CPU
		{34AEE747-58A9-4BE8-9EB3-27EA9FF57E1F}.Debug|x86.ActiveCfg = Debug|Any CPU
		{34AEE747-58A9-4BE8-9EB3-27EA9FF57E1F}.Debug|x86.Build.0 = Debug|Any CPU
		{34AEE747-58A9-4BE8-9EB3-27EA9FF57E1F}.Release|Any CPU.ActiveCfg = Release|Any CPU
		{34AEE747-58A9-4BE8-9EB3-27EA9FF57E1F}.Release|Any CPU.Build.0 = Release|Any CPU
		{34AEE747-58A9-4BE8-9EB3-27EA9FF57E1F}.Release|x64.ActiveCfg = Release|Any CPU
		{34AEE747-58A9-4BE8-9EB3-27EA9FF57E1F}.Release|x64.Build.0 = Release|Any CPU
		{34AEE747-58A9-4BE8-9EB3-27EA9FF57E1F}.Release|x86.ActiveCfg = Release|Any CPU
		{34AEE747-58A9-4BE8-9EB3-27EA9FF57E1F}.Release|x86.Build.0 = Release|Any CPU
	EndGlobalSection
	GlobalSection(SolutionProperties) = preSolution
		HideSolutionNode = FALSE
	EndGlobalSection
	GlobalSection(NestedProjects) = preSolution
		{63BCED49-8C1B-4544-B607-AE718080D561} = {827E0CD3-B72D-47B6-A68D-7590B98EB39B}
		{87D7D3FE-42B8-4988-99F2-7DE002206AC6} = {827E0CD3-B72D-47B6-A68D-7590B98EB39B}
		{106059B6-6915-4A41-BCD2-03C7A823DDAA} = {827E0CD3-B72D-47B6-A68D-7590B98EB39B}
		{270D14D1-E655-4044-A6AE-A3D3E4CC2FA8} = {827E0CD3-B72D-47B6-A68D-7590B98EB39B}
		{97382340-B376-4C25-9C4A-ADDBF20183EF} = {827E0CD3-B72D-47B6-A68D-7590B98EB39B}
		{B7B67B81-D7E7-4E56-8E9F-C76B0091B777} = {827E0CD3-B72D-47B6-A68D-7590B98EB39B}
		{59BDE5FA-E03E-4E84-BDEE-18A4AE78422B} = {827E0CD3-B72D-47B6-A68D-7590B98EB39B}
		{34AEE747-58A9-4BE8-9EB3-27EA9FF57E1F} = {827E0CD3-B72D-47B6-A68D-7590B98EB39B}
	EndGlobalSection
EndGlobal
